
Microsoft Visual Studio Solution File, Format Version 12.00
# Visual Studio 2013
VisualStudioVersion = 12.0.30501.0
MinimumVisualStudioVersion = 10.0.40219.1
Project("{FAE04EC0-301F-11D3-BF4B-00C04F79EFBC}") = "assignment9", "assignment9\assignment9.csproj", "{D2686762-3072-4515-A75E-798A27D1D6C5}"
EndProject
Project("{FAE04EC0-301F-11D3-BF4B-00C04F79EFBC}") = "assignment9.Tests", "assignment9.Tests\assignment9.Tests.csproj", "{714B7A92-3602-43B8-A09C-569F4A06410D}"
EndProject
Project("{2150E333-8FDC-42A3-9474-1A3956D46DE8}") = ".nuget", ".nuget", "{AC3C289D-1AA9-4368-BDF1-E47FC99C3B5C}"
	ProjectSection(SolutionItems) = preProject
		.nuget\packages.config = .nuget\packages.config
	EndProjectSection
EndProject
Global
	GlobalSection(SolutionConfigurationPlatforms) = preSolution
		Debug|Any CPU = Debug|Any CPU
		Release|Any CPU = Release|Any CPU
	EndGlobalSection
	GlobalSection(ProjectConfigurationPlatforms) = postSolution
		{D2686762-3072-4515-A75E-798A27D1D6C5}.Debug|Any CPU.ActiveCfg = Debug|Any CPU
		{D2686762-3072-4515-A75E-798A27D1D6C5}.Debug|Any CPU.Build.0 = Debug|Any CPU
		{D2686762-3072-4515-A75E-798A27D1D6C5}.Release|Any CPU.ActiveCfg = Release|Any CPU
		{D2686762-3072-4515-A75E-798A27D1D6C5}.Release|Any CPU.Build.0 = Release|Any CPU
		{714B7A92-3602-43B8-A09C-569F4A06410D}.Debug|Any CPU.ActiveCfg = Debug|Any CPU
		{714B7A92-3602-43B8-A09C-569F4A06410D}.Debug|Any CPU.Build.0 = Debug|Any CPU
		{714B7A92-3602-43B8-A09C-569F4A06410D}.Release|Any CPU.ActiveCfg = Release|Any CPU
		{714B7A92-3602-43B8-A09C-569F4A06410D}.Release|Any CPU.Build.0 = Release|Any CPU
	EndGlobalSection
	GlobalSection(SolutionProperties) = preSolution
		HideSolutionNode = FALSE
	EndGlobalSection
EndGlobal
